
Microsoft Visual Studio Solution File, Format Version 12.00
# Visual Studio Version 16
VisualStudioVersion = 16.0.31624.102
MinimumVisualStudioVersion = 10.0.40219.1
Project("{FAE04EC0-301F-11D3-BF4B-00C04F79EFBC}") = "Flab2Fab", "Flab2Fab\Flab2Fab.csproj", "{9995ADA5-2CA6-4121-A55D-5B032DC1567E}"
EndProject
Global
	GlobalSection(SolutionConfigurationPlatforms) = preSolution
		Debug|Any CPU = Debug|Any CPU
		Release|Any CPU = Release|Any CPU
	EndGlobalSection
	GlobalSection(ProjectConfigurationPlatforms) = postSolution
		{9995ADA5-2CA6-4121-A55D-5B032DC1567E}.Debug|Any CPU.ActiveCfg = Debug|Any CPU
		{9995ADA5-2CA6-4121-A55D-5B032DC1567E}.Debug|Any CPU.Build.0 = Debug|Any CPU
		{9995ADA5-2CA6-4121-A55D-5B032DC1567E}.Release|Any CPU.ActiveCfg = Release|Any CPU
		{9995ADA5-2CA6-4121-A55D-5B032DC1567E}.Release|Any CPU.Build.0 = Release|Any CPU
	EndGlobalSection
	GlobalSection(SolutionProperties) = preSolution
		HideSolutionNode = FALSE
	EndGlobalSection
	GlobalSection(ExtensibilityGlobals) = postSolution
		SolutionGuid = {2F9F1D83-8BE7-4D78-91C4-7147BEE66CA0}
	EndGlobalSection
EndGlobal
